
Microsoft Visual Studio Solution File, Format Version 12.00
# Visual Studio Version 16
VisualStudioVersion = 16.0.31321.278
MinimumVisualStudioVersion = 10.0.40219.1
Project("{9A19103F-16F7-4668-BE54-9A1E7A4F7556}") = "CrudSqlServer", "CrudSqlServer\CrudSqlServer.csproj", "{3582641E-86AB-485C-93A4-FA0645D7D51C}"
EndProject
Project("{FAE04EC0-301F-11D3-BF4B-00C04F79EFBC}") = "Crud.Database", "Crud.Database\Crud.Database.csproj", "{D1635C89-2E51-4B5B-B3F3-FC045EF3944F}"
EndProject
Global
	GlobalSection(SolutionConfigurationPlatforms) = preSolution
		Debug|Any CPU = Debug|Any CPU
		Release|Any CPU = Release|Any CPU
	EndGlobalSection
	GlobalSection(ProjectConfigurationPlatforms) = postSolution
		{3582641E-86AB-485C-93A4-FA0645D7D51C}.Debug|Any CPU.ActiveCfg = Debug|Any CPU
		{3582641E-86AB-485C-93A4-FA0645D7D51C}.Debug|Any CPU.Build.0 = Debug|Any CPU
		{3582641E-86AB-485C-93A4-FA0645D7D51C}.Release|Any CPU.ActiveCfg = Release|Any CPU
		{3582641E-86AB-485C-93A4-FA0645D7D51C}.Release|Any CPU.Build.0 = Release|Any CPU
		{D1635C89-2E51-4B5B-B3F3-FC045EF3944F}.Debug|Any CPU.ActiveCfg = Debug|Any CPU
		{D1635C89-2E51-4B5B-B3F3-FC045EF3944F}.Debug|Any CPU.Build.0 = Debug|Any CPU
		{D1635C89-2E51-4B5B-B3F3-FC045EF3944F}.Release|Any CPU.ActiveCfg = Release|Any CPU
		{D1635C89-2E51-4B5B-B3F3-FC045EF3944F}.Release|Any CPU.Build.0 = Release|Any CPU
	EndGlobalSection
	GlobalSection(SolutionProperties) = preSolution
		HideSolutionNode = FALSE
	EndGlobalSection
	GlobalSection(ExtensibilityGlobals) = postSolution
		SolutionGuid = {92831044-09B4-4046-9569-B520805620B1}
	EndGlobalSection
EndGlobal
